{
  "name": "assets",
  "lockfileVersion": 3,
  "requires": true,
  "packages": {
    "": {
      "dependencies": {
        "@oddbird/css-anchor-positioning": "^0.6.1",
        "three": "^0.177.0"
      }
    },
    "node_modules/@floating-ui/core": {
      "version": "1.7.1",
      "resolved": "https://registry.npmjs.org/@floating-ui/core/-/core-1.7.1.tgz",
      "integrity": "sha512-azI0DrjMMfIug/ExbBaeDVJXcY0a7EPvPjb2xAJPa4HeimBX+Z18HK8QQR3jb6356SnDDdxx+hinMLcJEDdOjw==",
      "license": "MIT",
      "dependencies": {
        "@floating-ui/utils": "^0.2.9"
      }
    },
    "node_modules/@floating-ui/dom": {
      "version": "1.7.1",
      "resolved": "https://registry.npmjs.org/@floating-ui/dom/-/dom-1.7.1.tgz",
      "integrity": "sha512-cwsmW/zyw5ltYTUeeYJ60CnQuPqmGwuGVhG9w0PRaRKkAyi38BT5CKrpIbb+jtahSwUl04cWzSx9ZOIxeS6RsQ==",
      "license": "MIT",
      "dependencies": {
        "@floating-ui/core": "^1.7.1",
        "@floating-ui/utils": "^0.2.9"
      }
    },
    "node_modules/@floating-ui/utils": {
      "version": "0.2.9",
      "resolved": "https://registry.npmjs.org/@floating-ui/utils/-/utils-0.2.9.tgz",
      "integrity": "sha512-MDWhGtE+eHw5JW7lq4qhc5yRLS11ERl1c7Z6Xd0a58DozHES6EnNNwUWbMiG4J9Cgj053Bhk8zvlhFYKVhULwg==",
      "license": "MIT"
    },
    "node_modules/@oddbird/css-anchor-positioning": {
      "version": "0.6.1",
      "resolved": "https://registry.npmjs.org/@oddbird/css-anchor-positioning/-/css-anchor-positioning-0.6.1.tgz",
      "integrity": "sha512-/M1guQMJROMAFjS0uTmcg93S2X5r0Gwe6m5DqmRrGxNEUe1llmY6/Qw8UuhvexP6yeD+GDCP9CJtXBJS1vS9UQ==",
      "license": "BSD-3-Clause",
      "dependencies": {
        "@floating-ui/dom": "^1.7.1",
        "@types/css-tree": "^2.3.10",
        "css-tree": "^3.1.0",
        "nanoid": "^5.1.5"
      }
    },
    "node_modules/@types/css-tree": {
      "version": "2.3.10",
      "resolved": "https://registry.npmjs.org/@types/css-tree/-/css-tree-2.3.10.tgz",
      "integrity": "sha512-WcaBazJ84RxABvRttQjjFWgTcHvZR9jGr0Y3hccPkHjFyk/a3N8EuxjKr+QfrwjoM5b1yI1Uj1i7EzOAAwBwag==",
      "license": "MIT"
    },
    "node_modules/css-tree": {
      "version": "3.1.0",
      "resolved": "https://registry.npmjs.org/css-tree/-/css-tree-3.1.0.tgz",
      "integrity": "sha512-0eW44TGN5SQXU1mWSkKwFstI/22X2bG1nYzZTYMAWjylYURhse752YgbE4Cx46AC+bAvI+/dYTPRk1LqSUnu6w==",
      "license": "MIT",
      "dependencies": {
        "mdn-data": "2.12.2",
        "source-map-js": "^1.0.1"
      },
      "engines": {
        "node": "^10 || ^12.20.0 || ^14.13.0 || >=15.0.0"
      }
    },
    "node_modules/mdn-data": {
      "version": "2.12.2",
      "resolved": "https://registry.npmjs.org/mdn-data/-/mdn-data-2.12.2.tgz",
      "integrity": "sha512-IEn+pegP1aManZuckezWCO+XZQDplx1366JoVhTpMpBB1sPey/SbveZQUosKiKiGYjg1wH4pMlNgXbCiYgihQA==",
      "license": "CC0-1.0"
    },
    "node_modules/nanoid": {
      "version": "5.1.5",
      "resolved": "https://registry.npmjs.org/nanoid/-/nanoid-5.1.5.tgz",
      "integrity": "sha512-Ir/+ZpE9fDsNH0hQ3C68uyThDXzYcim2EqcZ8zn8Chtt1iylPT9xXJB0kPCnqzgcEGikO9RxSrh63MsmVCU7Fw==",
      "funding": [
        {
          "type": "github",
          "url": "https://github.com/sponsors/ai"
        }
      ],
      "license": "MIT",
      "bin": {
        "nanoid": "bin/nanoid.js"
      },
      "engines": {
        "node": "^18 || >=20"
      }
    },
    "node_modules/source-map-js": {
      "version": "1.2.1",
      "resolved": "https://registry.npmjs.org/source-map-js/-/source-map-js-1.2.1.tgz",
      "integrity": "sha512-UXWMKhLOwVKb728IUtQPXxfYU+usdybtUrK/8uGE8CQMvrhOpwvzDBwj0QhSL7MQc7vIsISBG8VQ8+IDQxpfQA==",
      "license": "BSD-3-Clause",
      "engines": {
        "node": ">=0.10.0"
      }
    },
    "node_modules/three": {
      "version": "0.177.0",
      "resolved": "https://registry.npmjs.org/three/-/three-0.177.0.tgz",
      "integrity": "sha512-EiXv5/qWAaGI+Vz2A+JfavwYCMdGjxVsrn3oBwllUoqYeaBO75J63ZfyaQKoiLrqNHoTlUc6PFgMXnS0kI45zg==",
      "license": "MIT"
    }
  }
}
